
Microsoft Visual Studio Solution File, Format Version 12.00
# Visual Studio Version 17
VisualStudioVersion = 17.3.32811.315
MinimumVisualStudioVersion = 10.0.40219.1
Project("{FAE04EC0-301F-11D3-BF4B-00C04F79EFBC}") = "MiniPasteBin", "MiniPasteBin\MiniPasteBin.csproj", "{6150BDC0-9EEE-455A-B0A6-7E4A3C2CA175}"
EndProject
Project("{FAE04EC0-301F-11D3-BF4B-00C04F79EFBC}") = "BusinessObjects", "BusinessObjects\BusinessObjects.csproj", "{CE623BF3-A258-4F60-A66A-35F071AF93DE}"
EndProject
Project("{FAE04EC0-301F-11D3-BF4B-00C04F79EFBC}") = "DatabaseLayer", "DatabaseLayer\DatabaseLayer.csproj", "{E7DF64F7-19D1-4087-8983-972DAE909085}"
EndProject
Project("{FAE04EC0-301F-11D3-BF4B-00C04F79EFBC}") = "BusinessLayer", "BusinessLayer\BusinessLayer.csproj", "{706EF185-3750-45E2-9254-CF3E5A6C87FB}"
EndProject
Global
	GlobalSection(SolutionConfigurationPlatforms) = preSolution
		Debug|Any CPU = Debug|Any CPU
		Release|Any CPU = Release|Any CPU
	EndGlobalSection
	GlobalSection(ProjectConfigurationPlatforms) = postSolution
		{6150BDC0-9EEE-455A-B0A6-7E4A3C2CA175}.Debug|Any CPU.ActiveCfg = Debug|Any CPU
		{6150BDC0-9EEE-455A-B0A6-7E4A3C2CA175}.Debug|Any CPU.Build.0 = Debug|Any CPU
		{6150BDC0-9EEE-455A-B0A6-7E4A3C2CA175}.Release|Any CPU.ActiveCfg = Release|Any CPU
		{6150BDC0-9EEE-455A-B0A6-7E4A3C2CA175}.Release|Any CPU.Build.0 = Release|Any CPU
		{CE623BF3-A258-4F60-A66A-35F071AF93DE}.Debug|Any CPU.ActiveCfg = Debug|Any CPU
		{CE623BF3-A258-4F60-A66A-35F071AF93DE}.Debug|Any CPU.Build.0 = Debug|Any CPU
		{CE623BF3-A258-4F60-A66A-35F071AF93DE}.Release|Any CPU.ActiveCfg = Release|Any CPU
		{CE623BF3-A258-4F60-A66A-35F071AF93DE}.Release|Any CPU.Build.0 = Release|Any CPU
		{E7DF64F7-19D1-4087-8983-972DAE909085}.Debug|Any CPU.ActiveCfg = Debug|Any CPU
		{E7DF64F7-19D1-4087-8983-972DAE909085}.Debug|Any CPU.Build.0 = Debug|Any CPU
		{E7DF64F7-19D1-4087-8983-972DAE909085}.Release|Any CPU.ActiveCfg = Release|Any CPU
		{E7DF64F7-19D1-4087-8983-972DAE909085}.Release|Any CPU.Build.0 = Release|Any CPU
		{706EF185-3750-45E2-9254-CF3E5A6C87FB}.Debug|Any CPU.ActiveCfg = Debug|Any CPU
		{706EF185-3750-45E2-9254-CF3E5A6C87FB}.Debug|Any CPU.Build.0 = Debug|Any CPU
		{706EF185-3750-45E2-9254-CF3E5A6C87FB}.Release|Any CPU.ActiveCfg = Release|Any CPU
		{706EF185-3750-45E2-9254-CF3E5A6C87FB}.Release|Any CPU.Build.0 = Release|Any CPU
	EndGlobalSection
	GlobalSection(SolutionProperties) = preSolution
		HideSolutionNode = FALSE
	EndGlobalSection
	GlobalSection(ExtensibilityGlobals) = postSolution
		SolutionGuid = {5728ED07-A527-4477-B5AB-974E567AFB8D}
	EndGlobalSection
EndGlobal
